
Microsoft Visual Studio Solution File, Format Version 12.00
# Visual Studio Version 16
VisualStudioVersion = 16.0.30907.101
MinimumVisualStudioVersion = 10.0.40219.1
Project("{FAE04EC0-301F-11D3-BF4B-00C04F79EFBC}") = "Assignment 15 Sports teams", "Assignment 15 Sports teams\Assignment 15 Sports teams.csproj", "{EBAE743E-E388-4270-83C5-9F39C382EBC4}"
EndProject
Global
	GlobalSection(SolutionConfigurationPlatforms) = preSolution
		Debug|Any CPU = Debug|Any CPU
		Release|Any CPU = Release|Any CPU
	EndGlobalSection
	GlobalSection(ProjectConfigurationPlatforms) = postSolution
		{EBAE743E-E388-4270-83C5-9F39C382EBC4}.Debug|Any CPU.ActiveCfg = Debug|Any CPU
		{EBAE743E-E388-4270-83C5-9F39C382EBC4}.Debug|Any CPU.Build.0 = Debug|Any CPU
		{EBAE743E-E388-4270-83C5-9F39C382EBC4}.Release|Any CPU.ActiveCfg = Release|Any CPU
		{EBAE743E-E388-4270-83C5-9F39C382EBC4}.Release|Any CPU.Build.0 = Release|Any CPU
	EndGlobalSection
	GlobalSection(SolutionProperties) = preSolution
		HideSolutionNode = FALSE
	EndGlobalSection
	GlobalSection(ExtensibilityGlobals) = postSolution
		SolutionGuid = {0E3CE12B-1677-451F-807C-248FCCF7519A}
	EndGlobalSection
EndGlobal
